
Microsoft Visual Studio Solution File, Format Version 12.00
Project("{F2A71F9B-5D33-465A-A702-920D77279786}") = "PgMigrator", "PgMigrator\PgMigrator.fsproj", "{438B36F7-8491-4993-994C-8C37E2379053}"
EndProject
Project("{F2A71F9B-5D33-465A-A702-920D77279786}") = "PgMigrator.Tests", "PgMigrator.Tests\PgMigrator.Tests.fsproj", "{0B297147-3B59-42C2-8879-68A3240246A7}"
EndProject
Global
	GlobalSection(SolutionConfigurationPlatforms) = preSolution
		Debug|Any CPU = Debug|Any CPU
		Release|Any CPU = Release|Any CPU
	EndGlobalSection
	GlobalSection(ProjectConfigurationPlatforms) = postSolution
		{438B36F7-8491-4993-994C-8C37E2379053}.Debug|Any CPU.ActiveCfg = Debug|Any CPU
		{438B36F7-8491-4993-994C-8C37E2379053}.Debug|Any CPU.Build.0 = Debug|Any CPU
		{438B36F7-8491-4993-994C-8C37E2379053}.Release|Any CPU.ActiveCfg = Release|Any CPU
		{438B36F7-8491-4993-994C-8C37E2379053}.Release|Any CPU.Build.0 = Release|Any CPU
		{0B297147-3B59-42C2-8879-68A3240246A7}.Debug|Any CPU.ActiveCfg = Debug|Any CPU
		{0B297147-3B59-42C2-8879-68A3240246A7}.Debug|Any CPU.Build.0 = Debug|Any CPU
		{0B297147-3B59-42C2-8879-68A3240246A7}.Release|Any CPU.ActiveCfg = Release|Any CPU
		{0B297147-3B59-42C2-8879-68A3240246A7}.Release|Any CPU.Build.0 = Release|Any CPU
	EndGlobalSection
EndGlobal
